// !$*UTF8*$!
{
	archiveVersion = 1;
	classes = {
	};
	objectVersion = 56;
	objects = {

/* Begin PBXBuildFile section */
		E716B04A2A51C66A00E4A125 /* OAuth2Service.swift in Sources */ = {isa = PBXBuildFile; fileRef = E716B0492A51C66A00E4A125 /* OAuth2Service.swift */; };
		E716B04C2A51C72E00E4A125 /* OAuth2TokenStorage.swift in Sources */ = {isa = PBXBuildFile; fileRef = E716B04B2A51C72E00E4A125 /* OAuth2TokenStorage.swift */; };
		E7195CF02A2376D400267FBF /* AppDelegate.swift in Sources */ = {isa = PBXBuildFile; fileRef = E7195CEF2A2376D400267FBF /* AppDelegate.swift */; };
		E7195CF22A2376D400267FBF /* SceneDelegate.swift in Sources */ = {isa = PBXBuildFile; fileRef = E7195CF12A2376D400267FBF /* SceneDelegate.swift */; };
		E7195CF42A2376D400267FBF /* ImagesListViewController.swift in Sources */ = {isa = PBXBuildFile; fileRef = E7195CF32A2376D400267FBF /* ImagesListViewController.swift */; };
		E7195CF72A2376D400267FBF /* Main.storyboard in Resources */ = {isa = PBXBuildFile; fileRef = E7195CF52A2376D400267FBF /* Main.storyboard */; };
		E7195CF92A2376D500267FBF /* Assets.xcassets in Resources */ = {isa = PBXBuildFile; fileRef = E7195CF82A2376D500267FBF /* Assets.xcassets */; };
		E7195CFC2A2376D500267FBF /* LaunchScreen.storyboard in Resources */ = {isa = PBXBuildFile; fileRef = E7195CFA2A2376D500267FBF /* LaunchScreen.storyboard */; };
		E71D6EBD2A62B13800E05902 /* ProfileService.swift in Sources */ = {isa = PBXBuildFile; fileRef = E71D6EBC2A62B13800E05902 /* ProfileService.swift */; };
		E71F984A2A5D7E4E00A5698B /* ProgressHUD in Frameworks */ = {isa = PBXBuildFile; productRef = E71F98492A5D7E4E00A5698B /* ProgressHUD */; };
		E71F984D2A5EDCEB00A5698B /* UIBlockingProgressHUD.swift in Sources */ = {isa = PBXBuildFile; fileRef = E71F984C2A5EDCEB00A5698B /* UIBlockingProgressHUD.swift */; };
		E72E6EC42A5990330082DCA7 /* SplashViewController.swift in Sources */ = {isa = PBXBuildFile; fileRef = E72E6EC32A5990330082DCA7 /* SplashViewController.swift */; };
		E7380DE52A460C6D008F8040 /* Constants.swift in Sources */ = {isa = PBXBuildFile; fileRef = E7380DE42A460C6D008F8040 /* Constants.swift */; };
		E7380DEA2A4716BB008F8040 /* AuthViewController.swift in Sources */ = {isa = PBXBuildFile; fileRef = E7380DE92A4716BB008F8040 /* AuthViewController.swift */; };
		E7380DED2A4729DF008F8040 /* WebViewViewController.swift in Sources */ = {isa = PBXBuildFile; fileRef = E7380DEC2A4729DF008F8040 /* WebViewViewController.swift */; };
		E760D9162A36512F00D74934 /* ProfileViewController.swift in Sources */ = {isa = PBXBuildFile; fileRef = E760D9152A36512F00D74934 /* ProfileViewController.swift */; };
		E76F77992A277C76000C8F09 /* ImagesListCell.swift in Sources */ = {isa = PBXBuildFile; fileRef = E76F77982A277C76000C8F09 /* ImagesListCell.swift */; };
		E7F495022A37679A00E8DC20 /* SingleImageViewController.swift in Sources */ = {isa = PBXBuildFile; fileRef = E7F495012A37679A00E8DC20 /* SingleImageViewController.swift */; };
/* End PBXBuildFile section */

/* Begin PBXFileReference section */
		E716B0492A51C66A00E4A125 /* OAuth2Service.swift */ = {isa = PBXFileReference; lastKnownFileType = sourcecode.swift; path = OAuth2Service.swift; sourceTree = "<group>"; };
		E716B04B2A51C72E00E4A125 /* OAuth2TokenStorage.swift */ = {isa = PBXFileReference; lastKnownFileType = sourcecode.swift; path = OAuth2TokenStorage.swift; sourceTree = "<group>"; };
		E7195CEC2A2376D400267FBF /* ImageFeed.app */ = {isa = PBXFileReference; explicitFileType = wrapper.application; includeInIndex = 0; path = ImageFeed.app; sourceTree = BUILT_PRODUCTS_DIR; };
		E7195CEF2A2376D400267FBF /* AppDelegate.swift */ = {isa = PBXFileReference; lastKnownFileType = sourcecode.swift; path = AppDelegate.swift; sourceTree = "<group>"; };
		E7195CF12A2376D400267FBF /* SceneDelegate.swift */ = {isa = PBXFileReference; lastKnownFileType = sourcecode.swift; path = SceneDelegate.swift; sourceTree = "<group>"; };
		E7195CF32A2376D400267FBF /* ImagesListViewController.swift */ = {isa = PBXFileReference; lastKnownFileType = sourcecode.swift; path = ImagesListViewController.swift; sourceTree = "<group>"; };
		E7195CF62A2376D400267FBF /* Base */ = {isa = PBXFileReference; lastKnownFileType = file.storyboard; name = Base; path = Base.lproj/Main.storyboard; sourceTree = "<group>"; };
		E7195CF82A2376D500267FBF /* Assets.xcassets */ = {isa = PBXFileReference; lastKnownFileType = folder.assetcatalog; path = Assets.xcassets; sourceTree = "<group>"; };
		E7195CFB2A2376D500267FBF /* Base */ = {isa = PBXFileReference; lastKnownFileType = file.storyboard; name = Base; path = Base.lproj/LaunchScreen.storyboard; sourceTree = "<group>"; };
		E7195CFD2A2376D500267FBF /* Info.plist */ = {isa = PBXFileReference; lastKnownFileType = text.plist.xml; path = Info.plist; sourceTree = "<group>"; };
		E71D6EBC2A62B13800E05902 /* ProfileService.swift */ = {isa = PBXFileReference; lastKnownFileType = sourcecode.swift; path = ProfileService.swift; sourceTree = "<group>"; };
		E71F984C2A5EDCEB00A5698B /* UIBlockingProgressHUD.swift */ = {isa = PBXFileReference; lastKnownFileType = sourcecode.swift; path = UIBlockingProgressHUD.swift; sourceTree = "<group>"; };
		E72E6EC32A5990330082DCA7 /* SplashViewController.swift */ = {isa = PBXFileReference; lastKnownFileType = sourcecode.swift; path = SplashViewController.swift; sourceTree = "<group>"; };
		E7380DE42A460C6D008F8040 /* Constants.swift */ = {isa = PBXFileReference; lastKnownFileType = sourcecode.swift; path = Constants.swift; sourceTree = "<group>"; };
		E7380DE92A4716BB008F8040 /* AuthViewController.swift */ = {isa = PBXFileReference; lastKnownFileType = sourcecode.swift; path = AuthViewController.swift; sourceTree = "<group>"; };
		E7380DEC2A4729DF008F8040 /* WebViewViewController.swift */ = {isa = PBXFileReference; lastKnownFileType = sourcecode.swift; path = WebViewViewController.swift; sourceTree = "<group>"; };
		E760D9152A36512F00D74934 /* ProfileViewController.swift */ = {isa = PBXFileReference; lastKnownFileType = sourcecode.swift; path = ProfileViewController.swift; sourceTree = "<group>"; };
		E76F77982A277C76000C8F09 /* ImagesListCell.swift */ = {isa = PBXFileReference; lastKnownFileType = sourcecode.swift; path = ImagesListCell.swift; sourceTree = "<group>"; };
		E7F495012A37679A00E8DC20 /* SingleImageViewController.swift */ = {isa = PBXFileReference; lastKnownFileType = sourcecode.swift; path = SingleImageViewController.swift; sourceTree = "<group>"; };
/* End PBXFileReference section */

/* Begin PBXFrameworksBuildPhase section */
		E7195CE92A2376D400267FBF /* Frameworks */ = {
			isa = PBXFrameworksBuildPhase;
			buildActionMask = 2147483647;
			files = (
				E71F984A2A5D7E4E00A5698B /* ProgressHUD in Frameworks */,
			);
			runOnlyForDeploymentPostprocessing = 0;
		};
/* End PBXFrameworksBuildPhase section */

/* Begin PBXGroup section */
		E716B0462A51C19400E4A125 /* ServiceAccessLayer */ = {
			isa = PBXGroup;
			children = (
				E716B0482A51C58700E4A125 /* OAuth2 */,
			);
			path = ServiceAccessLayer;
			sourceTree = "<group>";
		};
		E716B0472A51C1A600E4A125 /* SplashViewController */ = {
			isa = PBXGroup;
			children = (
				E72E6EC32A5990330082DCA7 /* SplashViewController.swift */,
				E71F984C2A5EDCEB00A5698B /* UIBlockingProgressHUD.swift */,
			);
			path = SplashViewController;
			sourceTree = "<group>";
		};
		E716B0482A51C58700E4A125 /* OAuth2 */ = {
			isa = PBXGroup;
			children = (
				E716B0492A51C66A00E4A125 /* OAuth2Service.swift */,
				E716B04B2A51C72E00E4A125 /* OAuth2TokenStorage.swift */,
			);
			path = OAuth2;
			sourceTree = "<group>";
		};
		E7195CE32A2376D400267FBF = {
			isa = PBXGroup;
			children = (
				E7195CEE2A2376D400267FBF /* ImageFeed */,
				E7195CED2A2376D400267FBF /* Products */,
			);
			sourceTree = "<group>";
		};
		E7195CED2A2376D400267FBF /* Products */ = {
			isa = PBXGroup;
			children = (
				E7195CEC2A2376D400267FBF /* ImageFeed.app */,
			);
			name = Products;
			sourceTree = "<group>";
		};
		E7195CEE2A2376D400267FBF /* ImageFeed */ = {
			isa = PBXGroup;
			children = (
				E7380DE42A460C6D008F8040 /* Constants.swift */,
				E7195CEF2A2376D400267FBF /* AppDelegate.swift */,
				E7195CF12A2376D400267FBF /* SceneDelegate.swift */,
				E7195CF52A2376D400267FBF /* Main.storyboard */,
				E7195CF82A2376D500267FBF /* Assets.xcassets */,
				E7195CFA2A2376D500267FBF /* LaunchScreen.storyboard */,
				E7195CFD2A2376D500267FBF /* Info.plist */,
				E716B0472A51C1A600E4A125 /* SplashViewController */,
				E716B0462A51C19400E4A125 /* ServiceAccessLayer */,
				E7380DEB2A471701008F8040 /* Auth */,
				E7A678F62A3BA7E500176663 /* SingleImageViewController */,
				E760D9142A36510D00D74934 /* Profile */,
				E76F779A2A277CA8000C8F09 /* ImagesList */,
			);
			path = ImageFeed;
			sourceTree = "<group>";
		};
		E7380DEB2A471701008F8040 /* Auth */ = {
			isa = PBXGroup;
			children = (
				E7380DE92A4716BB008F8040 /* AuthViewController.swift */,
				E7380DEC2A4729DF008F8040 /* WebViewViewController.swift */,
			);
			path = Auth;
			sourceTree = "<group>";
		};
		E760D9142A36510D00D74934 /* Profile */ = {
			isa = PBXGroup;
			children = (
				E760D9152A36512F00D74934 /* ProfileViewController.swift */,
				E71D6EBC2A62B13800E05902 /* ProfileService.swift */,
			);
			path = Profile;
			sourceTree = "<group>";
		};
		E76F779A2A277CA8000C8F09 /* ImagesList */ = {
			isa = PBXGroup;
			children = (
				E7195CF32A2376D400267FBF /* ImagesListViewController.swift */,
				E76F77982A277C76000C8F09 /* ImagesListCell.swift */,
			);
			path = ImagesList;
			sourceTree = "<group>";
		};
		E7A678F62A3BA7E500176663 /* SingleImageViewController */ = {
			isa = PBXGroup;
			children = (
				E7F495012A37679A00E8DC20 /* SingleImageViewController.swift */,
			);
			path = SingleImageViewController;
			sourceTree = "<group>";
		};
/* End PBXGroup section */

/* Begin PBXNativeTarget section */
		E7195CEB2A2376D400267FBF /* ImageFeed */ = {
			isa = PBXNativeTarget;
			buildConfigurationList = E7195D002A2376D500267FBF /* Build configuration list for PBXNativeTarget "ImageFeed" */;
			buildPhases = (
				E7195CE82A2376D400267FBF /* Sources */,
				E7195CE92A2376D400267FBF /* Frameworks */,
				E7195CEA2A2376D400267FBF /* Resources */,
			);
			buildRules = (
			);
			dependencies = (
			);
			name = ImageFeed;
			packageProductDependencies = (
				E71F98492A5D7E4E00A5698B /* ProgressHUD */,
			);
			productName = ImageFeed;
			productReference = E7195CEC2A2376D400267FBF /* ImageFeed.app */;
			productType = "com.apple.product-type.application";
		};
/* End PBXNativeTarget section */

/* Begin PBXProject section */
		E7195CE42A2376D400267FBF /* Project object */ = {
			isa = PBXProject;
			attributes = {
				BuildIndependentTargetsInParallel = 1;
				LastSwiftUpdateCheck = 1430;
				LastUpgradeCheck = 1430;
				TargetAttributes = {
					E7195CEB2A2376D400267FBF = {
						CreatedOnToolsVersion = 14.3;
					};
				};
			};
			buildConfigurationList = E7195CE72A2376D400267FBF /* Build configuration list for PBXProject "ImageFeed" */;
			compatibilityVersion = "Xcode 14.0";
			developmentRegion = en;
			hasScannedForEncodings = 0;
			knownRegions = (
				en,
				Base,
			);
			mainGroup = E7195CE32A2376D400267FBF;
			packageReferences = (
				E71F98482A5D7E4E00A5698B /* XCRemoteSwiftPackageReference "ProgressHUD" */,
			);
			productRefGroup = E7195CED2A2376D400267FBF /* Products */;
			projectDirPath = "";
			projectRoot = "";
			targets = (
				E7195CEB2A2376D400267FBF /* ImageFeed */,
			);
		};
/* End PBXProject section */

/* Begin PBXResourcesBuildPhase section */
		E7195CEA2A2376D400267FBF /* Resources */ = {
			isa = PBXResourcesBuildPhase;
			buildActionMask = 2147483647;
			files = (
				E7195CFC2A2376D500267FBF /* LaunchScreen.storyboard in Resources */,
				E7195CF92A2376D500267FBF /* Assets.xcassets in Resources */,
				E7195CF72A2376D400267FBF /* Main.storyboard in Resources */,
			);
			runOnlyForDeploymentPostprocessing = 0;
		};
/* End PBXResourcesBuildPhase section */

/* Begin PBXSourcesBuildPhase section */
		E7195CE82A2376D400267FBF /* Sources */ = {
			isa = PBXSourcesBuildPhase;
			buildActionMask = 2147483647;
			files = (
				E7195CF42A2376D400267FBF /* ImagesListViewController.swift in Sources */,
				E76F77992A277C76000C8F09 /* ImagesListCell.swift in Sources */,
				E760D9162A36512F00D74934 /* ProfileViewController.swift in Sources */,
				E72E6EC42A5990330082DCA7 /* SplashViewController.swift in Sources */,
				E7195CF02A2376D400267FBF /* AppDelegate.swift in Sources */,
				E716B04C2A51C72E00E4A125 /* OAuth2TokenStorage.swift in Sources */,
				E71F984D2A5EDCEB00A5698B /* UIBlockingProgressHUD.swift in Sources */,
				E7380DEA2A4716BB008F8040 /* AuthViewController.swift in Sources */,
				E7380DE52A460C6D008F8040 /* Constants.swift in Sources */,
				E7F495022A37679A00E8DC20 /* SingleImageViewController.swift in Sources */,
				E7380DED2A4729DF008F8040 /* WebViewViewController.swift in Sources */,
				E716B04A2A51C66A00E4A125 /* OAuth2Service.swift in Sources */,
				E7195CF22A2376D400267FBF /* SceneDelegate.swift in Sources */,
				E71D6EBD2A62B13800E05902 /* ProfileService.swift in Sources */,
			);
			runOnlyForDeploymentPostprocessing = 0;
		};
/* End PBXSourcesBuildPhase section */

/* Begin PBXVariantGroup section */
		E7195CF52A2376D400267FBF /* Main.storyboard */ = {
			isa = PBXVariantGroup;
			children = (
				E7195CF62A2376D400267FBF /* Base */,
			);
			name = Main.storyboard;
			sourceTree = "<group>";
		};
		E7195CFA2A2376D500267FBF /* LaunchScreen.storyboard */ = {
			isa = PBXVariantGroup;
			children = (
				E7195CFB2A2376D500267FBF /* Base */,
			);
			name = LaunchScreen.storyboard;
			sourceTree = "<group>";
		};
/* End PBXVariantGroup section */

/* Begin XCBuildConfiguration section */
		E7195CFE2A2376D500267FBF /* Debug */ = {
			isa = XCBuildConfiguration;
			buildSettings = {
				ALWAYS_SEARCH_USER_PATHS = NO;
				CLANG_ANALYZER_NONNULL = YES;
				CLANG_ANALYZER_NUMBER_OBJECT_CONVERSION = YES_AGGRESSIVE;
				CLANG_CXX_LANGUAGE_STANDARD = "gnu++20";
				CLANG_ENABLE_MODULES = YES;
				CLANG_ENABLE_OBJC_ARC = YES;
				CLANG_ENABLE_OBJC_WEAK = YES;
				CLANG_WARN_BLOCK_CAPTURE_AUTORELEASING = YES;
				CLANG_WARN_BOOL_CONVERSION = YES;
				CLANG_WARN_COMMA = YES;
				CLANG_WARN_CONSTANT_CONVERSION = YES;
				CLANG_WARN_DEPRECATED_OBJC_IMPLEMENTATIONS = YES;
				CLANG_WARN_DIRECT_OBJC_ISA_USAGE = YES_ERROR;
				CLANG_WARN_DOCUMENTATION_COMMENTS = YES;
				CLANG_WARN_EMPTY_BODY = YES;
				CLANG_WARN_ENUM_CONVERSION = YES;
				CLANG_WARN_INFINITE_RECURSION = YES;
				CLANG_WARN_INT_CONVERSION = YES;
				CLANG_WARN_NON_LITERAL_NULL_CONVERSION = YES;
				CLANG_WARN_OBJC_IMPLICIT_RETAIN_SELF = YES;
				CLANG_WARN_OBJC_LITERAL_CONVERSION = YES;
				CLANG_WARN_OBJC_ROOT_CLASS = YES_ERROR;
				CLANG_WARN_QUOTED_INCLUDE_IN_FRAMEWORK_HEADER = YES;
				CLANG_WARN_RANGE_LOOP_ANALYSIS = YES;
				CLANG_WARN_STRICT_PROTOTYPES = YES;
				CLANG_WARN_SUSPICIOUS_MOVE = YES;
				CLANG_WARN_UNGUARDED_AVAILABILITY = YES_AGGRESSIVE;
				CLANG_WARN_UNREACHABLE_CODE = YES;
				CLANG_WARN__DUPLICATE_METHOD_MATCH = YES;
				COPY_PHASE_STRIP = NO;
				DEBUG_INFORMATION_FORMAT = dwarf;
				ENABLE_STRICT_OBJC_MSGSEND = YES;
				ENABLE_TESTABILITY = YES;
				GCC_C_LANGUAGE_STANDARD = gnu11;
				GCC_DYNAMIC_NO_PIC = NO;
				GCC_NO_COMMON_BLOCKS = YES;
				GCC_OPTIMIZATION_LEVEL = 0;
				GCC_PREPROCESSOR_DEFINITIONS = (
					"DEBUG=1",
					"$(inherited)",
				);
				GCC_WARN_64_TO_32_BIT_CONVERSION = YES;
				GCC_WARN_ABOUT_RETURN_TYPE = YES_ERROR;
				GCC_WARN_UNDECLARED_SELECTOR = YES;
				GCC_WARN_UNINITIALIZED_AUTOS = YES_AGGRESSIVE;
				GCC_WARN_UNUSED_FUNCTION = YES;
				GCC_WARN_UNUSED_VARIABLE = YES;
				IPHONEOS_DEPLOYMENT_TARGET = 16.4;
				MTL_ENABLE_DEBUG_INFO = INCLUDE_SOURCE;
				MTL_FAST_MATH = YES;
				ONLY_ACTIVE_ARCH = YES;
				SDKROOT = iphoneos;
				SWIFT_ACTIVE_COMPILATION_CONDITIONS = DEBUG;
				SWIFT_OPTIMIZATION_LEVEL = "-Onone";
			};
			name = Debug;
		};
		E7195CFF2A2376D500267FBF /* Release */ = {
			isa = XCBuildConfiguration;
			buildSettings = {
				ALWAYS_SEARCH_USER_PATHS = NO;
				CLANG_ANALYZER_NONNULL = YES;
				CLANG_ANALYZER_NUMBER_OBJECT_CONVERSION = YES_AGGRESSIVE;
				CLANG_CXX_LANGUAGE_STANDARD = "gnu++20";
				CLANG_ENABLE_MODULES = YES;
				CLANG_ENABLE_OBJC_ARC = YES;
				CLANG_ENABLE_OBJC_WEAK = YES;
				CLANG_WARN_BLOCK_CAPTURE_AUTORELEASING = YES;
				CLANG_WARN_BOOL_CONVERSION = YES;
				CLANG_WARN_COMMA = YES;
				CLANG_WARN_CONSTANT_CONVERSION = YES;
				CLANG_WARN_DEPRECATED_OBJC_IMPLEMENTATIONS = YES;
				CLANG_WARN_DIRECT_OBJC_ISA_USAGE = YES_ERROR;
				CLANG_WARN_DOCUMENTATION_COMMENTS = YES;
				CLANG_WARN_EMPTY_BODY = YES;
				CLANG_WARN_ENUM_CONVERSION = YES;
				CLANG_WARN_INFINITE_RECURSION = YES;
				CLANG_WARN_INT_CONVERSION = YES;
				CLANG_WARN_NON_LITERAL_NULL_CONVERSION = YES;
				CLANG_WARN_OBJC_IMPLICIT_RETAIN_SELF = YES;
				CLANG_WARN_OBJC_LITERAL_CONVERSION = YES;
				CLANG_WARN_OBJC_ROOT_CLASS = YES_ERROR;
				CLANG_WARN_QUOTED_INCLUDE_IN_FRAMEWORK_HEADER = YES;
				CLANG_WARN_RANGE_LOOP_ANALYSIS = YES;
				CLANG_WARN_STRICT_PROTOTYPES = YES;
				CLANG_WARN_SUSPICIOUS_MOVE = YES;
				CLANG_WARN_UNGUARDED_AVAILABILITY = YES_AGGRESSIVE;
				CLANG_WARN_UNREACHABLE_CODE = YES;
				CLANG_WARN__DUPLICATE_METHOD_MATCH = YES;
				COPY_PHASE_STRIP = NO;
				DEBUG_INFORMATION_FORMAT = "dwarf-with-dsym";
				ENABLE_NS_ASSERTIONS = NO;
				ENABLE_STRICT_OBJC_MSGSEND = YES;
				GCC_C_LANGUAGE_STANDARD = gnu11;
				GCC_NO_COMMON_BLOCKS = YES;
				GCC_WARN_64_TO_32_BIT_CONVERSION = YES;
				GCC_WARN_ABOUT_RETURN_TYPE = YES_ERROR;
				GCC_WARN_UNDECLARED_SELECTOR = YES;
				GCC_WARN_UNINITIALIZED_AUTOS = YES_AGGRESSIVE;
				GCC_WARN_UNUSED_FUNCTION = YES;
				GCC_WARN_UNUSED_VARIABLE = YES;
				IPHONEOS_DEPLOYMENT_TARGET = 16.4;
				MTL_ENABLE_DEBUG_INFO = NO;
				MTL_FAST_MATH = YES;
				SDKROOT = iphoneos;
				SWIFT_COMPILATION_MODE = wholemodule;
				SWIFT_OPTIMIZATION_LEVEL = "-O";
				VALIDATE_PRODUCT = YES;
			};
			name = Release;
		};
		E7195D012A2376D500267FBF /* Debug */ = {
			isa = XCBuildConfiguration;
			buildSettings = {
				ASSETCATALOG_COMPILER_APPICON_NAME = AppIcon;
				ASSETCATALOG_COMPILER_GLOBAL_ACCENT_COLOR_NAME = AccentColor;
				CODE_SIGN_STYLE = Automatic;
				CURRENT_PROJECT_VERSION = 1;
				DEVELOPMENT_TEAM = 796BR85JD4;
				GENERATE_INFOPLIST_FILE = YES;
				INFOPLIST_FILE = ImageFeed/Info.plist;
				INFOPLIST_KEY_UIApplicationSupportsIndirectInputEvents = YES;
				INFOPLIST_KEY_UILaunchStoryboardName = LaunchScreen;
				INFOPLIST_KEY_UIMainStoryboardFile = Main;
				INFOPLIST_KEY_UISupportedInterfaceOrientations = UIInterfaceOrientationPortrait;
				INFOPLIST_KEY_UISupportedInterfaceOrientations_iPad = "UIInterfaceOrientationLandscapeLeft UIInterfaceOrientationLandscapeRight UIInterfaceOrientationPortrait UIInterfaceOrientationPortraitUpsideDown";
				IPHONEOS_DEPLOYMENT_TARGET = 13.0;
				LD_RUNPATH_SEARCH_PATHS = (
					"$(inherited)",
					"@executable_path/Frameworks",
				);
				MARKETING_VERSION = 1.0;
				PRODUCT_BUNDLE_IDENTIFIER = com.AndreyAslanov.ImageFeed;
				PRODUCT_NAME = "$(TARGET_NAME)";
				SUPPORTED_PLATFORMS = "iphoneos iphonesimulator";
				SUPPORTS_MACCATALYST = NO;
				SUPPORTS_MAC_DESIGNED_FOR_IPHONE_IPAD = YES;
				SWIFT_EMIT_LOC_STRINGS = YES;
				SWIFT_VERSION = 5.0;
				TARGETED_DEVICE_FAMILY = 1;
			};
			name = Debug;
		};
		E7195D022A2376D500267FBF /* Release */ = {
			isa = XCBuildConfiguration;
			buildSettings = {
				ASSETCATALOG_COMPILER_APPICON_NAME = AppIcon;
				ASSETCATALOG_COMPILER_GLOBAL_ACCENT_COLOR_NAME = AccentColor;
				CODE_SIGN_STYLE = Automatic;
				CURRENT_PROJECT_VERSION = 1;
				DEVELOPMENT_TEAM = 796BR85JD4;
				GENERATE_INFOPLIST_FILE = YES;
				INFOPLIST_FILE = ImageFeed/Info.plist;
				INFOPLIST_KEY_UIApplicationSupportsIndirectInputEvents = YES;
				INFOPLIST_KEY_UILaunchStoryboardName = LaunchScreen;
				INFOPLIST_KEY_UIMainStoryboardFile = Main;
				INFOPLIST_KEY_UISupportedInterfaceOrientations = UIInterfaceOrientationPortrait;
				INFOPLIST_KEY_UISupportedInterfaceOrientations_iPad = "UIInterfaceOrientationLandscapeLeft UIInterfaceOrientationLandscapeRight UIInterfaceOrientationPortrait UIInterfaceOrientationPortraitUpsideDown";
				IPHONEOS_DEPLOYMENT_TARGET = 13.0;
				LD_RUNPATH_SEARCH_PATHS = (
					"$(inherited)",
					"@executable_path/Frameworks",
				);
				MARKETING_VERSION = 1.0;
				PRODUCT_BUNDLE_IDENTIFIER = com.AndreyAslanov.ImageFeed;
				PRODUCT_NAME = "$(TARGET_NAME)";
				SUPPORTED_PLATFORMS = "iphoneos iphonesimulator";
				SUPPORTS_MACCATALYST = NO;
				SUPPORTS_MAC_DESIGNED_FOR_IPHONE_IPAD = YES;
				SWIFT_EMIT_LOC_STRINGS = YES;
				SWIFT_VERSION = 5.0;
				TARGETED_DEVICE_FAMILY = 1;
			};
			name = Release;
		};
/* End XCBuildConfiguration section */

/* Begin XCConfigurationList section */
		E7195CE72A2376D400267FBF /* Build configuration list for PBXProject "ImageFeed" */ = {
			isa = XCConfigurationList;
			buildConfigurations = (
				E7195CFE2A2376D500267FBF /* Debug */,
				E7195CFF2A2376D500267FBF /* Release */,
			);
			defaultConfigurationIsVisible = 0;
			defaultConfigurationName = Release;
		};
		E7195D002A2376D500267FBF /* Build configuration list for PBXNativeTarget "ImageFeed" */ = {
			isa = XCConfigurationList;
			buildConfigurations = (
				E7195D012A2376D500267FBF /* Debug */,
				E7195D022A2376D500267FBF /* Release */,
			);
			defaultConfigurationIsVisible = 0;
			defaultConfigurationName = Release;
		};
/* End XCConfigurationList section */

/* Begin XCRemoteSwiftPackageReference section */
		E71F98482A5D7E4E00A5698B /* XCRemoteSwiftPackageReference "ProgressHUD" */ = {
			isa = XCRemoteSwiftPackageReference;
			repositoryURL = "https://github.com/relatedcode/ProgressHUD";
			requirement = {
				kind = exactVersion;
				version = 13.7.2;
			};
		};
/* End XCRemoteSwiftPackageReference section */

/* Begin XCSwiftPackageProductDependency section */
		E71F98492A5D7E4E00A5698B /* ProgressHUD */ = {
			isa = XCSwiftPackageProductDependency;
			package = E71F98482A5D7E4E00A5698B /* XCRemoteSwiftPackageReference "ProgressHUD" */;
			productName = ProgressHUD;
		};
/* End XCSwiftPackageProductDependency section */
	};
	rootObject = E7195CE42A2376D400267FBF /* Project object */;
}
